// !$*UTF8*$!
{
	archiveVersion = 1;
	classes = {
	};
	objectVersion = 55;
	objects = {

/* Begin PBXBuildFile section */
		51EF6F93CF8632C33FED24BA /* Pods_TableKit.framework in Frameworks */ = {isa = PBXBuildFile; fileRef = B28594BBE2932A34CCC4426B /* Pods_TableKit.framework */; };
		9B4D8F2C27F1B5F2005D1263 /* SeparatorCell.swift in Sources */ = {isa = PBXBuildFile; fileRef = 9B4D8F2B27F1B5F2005D1263 /* SeparatorCell.swift */; };
		B3478AC927EDC67000A30695 /* Binding.swift in Sources */ = {isa = PBXBuildFile; fileRef = B3478A9A27EDC66F00A30695 /* Binding.swift */; };
		B3478ACA27EDC67000A30695 /* AnyLocation.swift in Sources */ = {isa = PBXBuildFile; fileRef = B3478A9B27EDC66F00A30695 /* AnyLocation.swift */; };
		B3478ACB27EDC67000A30695 /* State.swift in Sources */ = {isa = PBXBuildFile; fileRef = B3478A9C27EDC66F00A30695 /* State.swift */; };
		B3478ACC27EDC67000A30695 /* BindingExtension.swift in Sources */ = {isa = PBXBuildFile; fileRef = B3478A9D27EDC66F00A30695 /* BindingExtension.swift */; };
		B3478ACD27EDC67000A30695 /* ResultBuilder.swift in Sources */ = {isa = PBXBuildFile; fileRef = B3478A9E27EDC66F00A30695 /* ResultBuilder.swift */; };
		B3478ACE27EDC67000A30695 /* Modifier.swift in Sources */ = {isa = PBXBuildFile; fileRef = B3478A9F27EDC66F00A30695 /* Modifier.swift */; };
		B3478ACF27EDC67000A30695 /* BindingConvertible.swift in Sources */ = {isa = PBXBuildFile; fileRef = B3478AA027EDC66F00A30695 /* BindingConvertible.swift */; };
		B3478AD027EDC67000A30695 /* DSLTableManager.Extension.swift in Sources */ = {isa = PBXBuildFile; fileRef = B3478AA127EDC66F00A30695 /* DSLTableManager.Extension.swift */; };
		B3478AD127EDC67000A30695 /* TapActionCell.swift in Sources */ = {isa = PBXBuildFile; fileRef = B3478AA327EDC66F00A30695 /* TapActionCell.swift */; };
		B3478AD227EDC67000A30695 /* ToggleCell.swift in Sources */ = {isa = PBXBuildFile; fileRef = B3478AA427EDC66F00A30695 /* ToggleCell.swift */; };
		B3478AD327EDC67000A30695 /* DSLTableManager.swift in Sources */ = {isa = PBXBuildFile; fileRef = B3478AA527EDC66F00A30695 /* DSLTableManager.swift */; };
		B3478AD427EDC67000A30695 /* BacicSection.swift in Sources */ = {isa = PBXBuildFile; fileRef = B3478AA727EDC66F00A30695 /* BacicSection.swift */; };
		B3478AD527EDC67000A30695 /* RadioSection.swift in Sources */ = {isa = PBXBuildFile; fileRef = B3478AA827EDC66F00A30695 /* RadioSection.swift */; };
		B3478AD627EDC67000A30695 /* TableSection.swift in Sources */ = {isa = PBXBuildFile; fileRef = B3478AA927EDC66F00A30695 /* TableSection.swift */; };
		B3478AD727EDC67000A30695 /* Sectionable.swift in Sources */ = {isa = PBXBuildFile; fileRef = B3478AAA27EDC66F00A30695 /* Sectionable.swift */; };
		B3478AD827EDC67000A30695 /* TableKit.Log.swift in Sources */ = {isa = PBXBuildFile; fileRef = B3478AAC27EDC66F00A30695 /* TableKit.Log.swift */; };
		B3478AD927EDC67000A30695 /* TableCellHeightCalculator.swift in Sources */ = {isa = PBXBuildFile; fileRef = B3478AAD27EDC66F00A30695 /* TableCellHeightCalculator.swift */; };
		B3478ADA27EDC67000A30695 /* TableCellRegisterer.swift in Sources */ = {isa = PBXBuildFile; fileRef = B3478AAE27EDC66F00A30695 /* TableCellRegisterer.swift */; };
		B3478ADB27EDC67000A30695 /* TableRowAction.swift in Sources */ = {isa = PBXBuildFile; fileRef = B3478AAF27EDC66F00A30695 /* TableRowAction.swift */; };
		B3478ADC27EDC67000A30695 /* TableRow.swift in Sources */ = {isa = PBXBuildFile; fileRef = B3478AB127EDC66F00A30695 /* TableRow.swift */; };
		B3478ADD27EDC67000A30695 /* BasicRow.swift in Sources */ = {isa = PBXBuildFile; fileRef = B3478AB227EDC66F00A30695 /* BasicRow.swift */; };
		B3478ADE27EDC67000A30695 /* Configurable.swift in Sources */ = {isa = PBXBuildFile; fileRef = B3478AB327EDC66F00A30695 /* Configurable.swift */; };
		B3478ADF27EDC67000A30695 /* Reusable.swift in Sources */ = {isa = PBXBuildFile; fileRef = B3478AB427EDC66F00A30695 /* Reusable.swift */; };
		B3478AE027EDC67000A30695 /* RowSystemable.swift in Sources */ = {isa = PBXBuildFile; fileRef = B3478AB627EDC66F00A30695 /* RowSystemable.swift */; };
		B3478AE127EDC67000A30695 /* Row.swift in Sources */ = {isa = PBXBuildFile; fileRef = B3478AB727EDC66F00A30695 /* Row.swift */; };
		B3478AE227EDC67000A30695 /* RowCompatible.swift in Sources */ = {isa = PBXBuildFile; fileRef = B3478AB827EDC66F00A30695 /* RowCompatible.swift */; };
		B3478AE327EDC67000A30695 /* SeparatorRow.swift in Sources */ = {isa = PBXBuildFile; fileRef = B3478ABA27EDC66F00A30695 /* SeparatorRow.swift */; };
		B3478AE427EDC67000A30695 /* OptionRow.swift in Sources */ = {isa = PBXBuildFile; fileRef = B3478ABB27EDC66F00A30695 /* OptionRow.swift */; };
		B3478AE527EDC67000A30695 /* TapActionRow.swift in Sources */ = {isa = PBXBuildFile; fileRef = B3478ABC27EDC66F00A30695 /* TapActionRow.swift */; };
		B3478AE627EDC67000A30695 /* NavigationRow.swift in Sources */ = {isa = PBXBuildFile; fileRef = B3478ABD27EDC66F00A30695 /* NavigationRow.swift */; };
		B3478AE727EDC67000A30695 /* ToggleRow.swift in Sources */ = {isa = PBXBuildFile; fileRef = B3478ABE27EDC66F00A30695 /* ToggleRow.swift */; };
		B3478AE827EDC67000A30695 /* Icon.swift in Sources */ = {isa = PBXBuildFile; fileRef = B3478AC127EDC66F00A30695 /* Icon.swift */; };
		B3478AE927EDC67000A30695 /* Icon.AsyncImage.swift in Sources */ = {isa = PBXBuildFile; fileRef = B3478AC227EDC66F00A30695 /* Icon.AsyncImage.swift */; };
		B3478AEA27EDC67000A30695 /* Icon.Image.swift in Sources */ = {isa = PBXBuildFile; fileRef = B3478AC327EDC66F00A30695 /* Icon.Image.swift */; };
		B3478AEB27EDC67000A30695 /* Text.swift in Sources */ = {isa = PBXBuildFile; fileRef = B3478AC427EDC66F00A30695 /* Text.swift */; };
		B3478AEC27EDC67000A30695 /* DetailText.swift in Sources */ = {isa = PBXBuildFile; fileRef = B3478AC527EDC66F00A30695 /* DetailText.swift */; };
		B3478AED27EDC67000A30695 /* DSLTable.swift in Sources */ = {isa = PBXBuildFile; fileRef = B3478AC627EDC66F00A30695 /* DSLTable.swift */; };
		B3478AEE27EDC67000A30695 /* TableDirector.swift in Sources */ = {isa = PBXBuildFile; fileRef = B3478AC727EDC66F00A30695 /* TableDirector.swift */; };
		B3478AEF27EDC67000A30695 /* DSLAutoTable.swift in Sources */ = {isa = PBXBuildFile; fileRef = B3478AC827EDC66F00A30695 /* DSLAutoTable.swift */; };
		B3478AF627EDCADB00A30695 /* NavigationRow2.swift in Sources */ = {isa = PBXBuildFile; fileRef = B3478AF227EDCADB00A30695 /* NavigationRow2.swift */; };
		B3478AF727EDCADB00A30695 /* NavigationBadgeCell.swift in Sources */ = {isa = PBXBuildFile; fileRef = B3478AF427EDCADB00A30695 /* NavigationBadgeCell.swift */; };
		B3478AF827EDCADB00A30695 /* NavigationBadgeRow.swift in Sources */ = {isa = PBXBuildFile; fileRef = B3478AF527EDCADB00A30695 /* NavigationBadgeRow.swift */; };
		B3478B0727EDCC0F00A30695 /* NSObject+InsetGrouped.m in Sources */ = {isa = PBXBuildFile; fileRef = B3478AFE27EDCC0F00A30695 /* NSObject+InsetGrouped.m */; };
		B3478B0827EDCC0F00A30695 /* CALayer+CornerRadius.m in Sources */ = {isa = PBXBuildFile; fileRef = B3478AFF27EDCC0F00A30695 /* CALayer+CornerRadius.m */; };
		B3478B0927EDCC0F00A30695 /* NSMethodSignature+CCAdd.m in Sources */ = {isa = PBXBuildFile; fileRef = B3478B0227EDCC0F00A30695 /* NSMethodSignature+CCAdd.m */; };
		B3478B0A27EDCC0F00A30695 /* UITableViewCell+InsetGrouped.m in Sources */ = {isa = PBXBuildFile; fileRef = B3478B0527EDCC0F00A30695 /* UITableViewCell+InsetGrouped.m */; };
		B3478B0B27EDCC0F00A30695 /* UITableView+InsetGrouped.m in Sources */ = {isa = PBXBuildFile; fileRef = B3478B0627EDCC0F00A30695 /* UITableView+InsetGrouped.m */; };
		B3478B1127EDCDD100A30695 /* BannerCell.swift in Sources */ = {isa = PBXBuildFile; fileRef = B3478B1027EDCDD100A30695 /* BannerCell.swift */; };
		B3E7C23A27DB8BFC0036BC9D /* AppDelegate.swift in Sources */ = {isa = PBXBuildFile; fileRef = B3E7C23927DB8BFC0036BC9D /* AppDelegate.swift */; };
		B3E7C23C27DB8BFC0036BC9D /* SceneDelegate.swift in Sources */ = {isa = PBXBuildFile; fileRef = B3E7C23B27DB8BFC0036BC9D /* SceneDelegate.swift */; };
		B3E7C23E27DB8BFC0036BC9D /* ViewController.swift in Sources */ = {isa = PBXBuildFile; fileRef = B3E7C23D27DB8BFC0036BC9D /* ViewController.swift */; };
		B3E7C24127DB8BFC0036BC9D /* Main.storyboard in Resources */ = {isa = PBXBuildFile; fileRef = B3E7C23F27DB8BFC0036BC9D /* Main.storyboard */; };
		B3E7C24327DB8BFC0036BC9D /* Assets.xcassets in Resources */ = {isa = PBXBuildFile; fileRef = B3E7C24227DB8BFC0036BC9D /* Assets.xcassets */; };
		B3E7C24627DB8BFC0036BC9D /* LaunchScreen.storyboard in Resources */ = {isa = PBXBuildFile; fileRef = B3E7C24427DB8BFC0036BC9D /* LaunchScreen.storyboard */; };
/* End PBXBuildFile section */

/* Begin PBXFileReference section */
		905AEC9F2BBA4AB8A08C04BD /* Pods-TableKit.debug.xcconfig */ = {isa = PBXFileReference; includeInIndex = 1; lastKnownFileType = text.xcconfig; name = "Pods-TableKit.debug.xcconfig"; path = "Target Support Files/Pods-TableKit/Pods-TableKit.debug.xcconfig"; sourceTree = "<group>"; };
		9B4D8F2B27F1B5F2005D1263 /* SeparatorCell.swift */ = {isa = PBXFileReference; lastKnownFileType = sourcecode.swift; path = SeparatorCell.swift; sourceTree = "<group>"; };
		B28594BBE2932A34CCC4426B /* Pods_TableKit.framework */ = {isa = PBXFileReference; explicitFileType = wrapper.framework; includeInIndex = 0; path = Pods_TableKit.framework; sourceTree = BUILT_PRODUCTS_DIR; };
		B3478A9A27EDC66F00A30695 /* Binding.swift */ = {isa = PBXFileReference; fileEncoding = 4; lastKnownFileType = sourcecode.swift; path = Binding.swift; sourceTree = "<group>"; };
		B3478A9B27EDC66F00A30695 /* AnyLocation.swift */ = {isa = PBXFileReference; fileEncoding = 4; lastKnownFileType = sourcecode.swift; path = AnyLocation.swift; sourceTree = "<group>"; };
		B3478A9C27EDC66F00A30695 /* State.swift */ = {isa = PBXFileReference; fileEncoding = 4; lastKnownFileType = sourcecode.swift; path = State.swift; sourceTree = "<group>"; };
		B3478A9D27EDC66F00A30695 /* BindingExtension.swift */ = {isa = PBXFileReference; fileEncoding = 4; lastKnownFileType = sourcecode.swift; path = BindingExtension.swift; sourceTree = "<group>"; };
		B3478A9E27EDC66F00A30695 /* ResultBuilder.swift */ = {isa = PBXFileReference; fileEncoding = 4; lastKnownFileType = sourcecode.swift; path = ResultBuilder.swift; sourceTree = "<group>"; };
		B3478A9F27EDC66F00A30695 /* Modifier.swift */ = {isa = PBXFileReference; fileEncoding = 4; lastKnownFileType = sourcecode.swift; path = Modifier.swift; sourceTree = "<group>"; };
		B3478AA027EDC66F00A30695 /* BindingConvertible.swift */ = {isa = PBXFileReference; fileEncoding = 4; lastKnownFileType = sourcecode.swift; path = BindingConvertible.swift; sourceTree = "<group>"; };
		B3478AA127EDC66F00A30695 /* DSLTableManager.Extension.swift */ = {isa = PBXFileReference; fileEncoding = 4; lastKnownFileType = sourcecode.swift; path = DSLTableManager.Extension.swift; sourceTree = "<group>"; };
		B3478AA327EDC66F00A30695 /* TapActionCell.swift */ = {isa = PBXFileReference; fileEncoding = 4; lastKnownFileType = sourcecode.swift; path = TapActionCell.swift; sourceTree = "<group>"; };
		B3478AA427EDC66F00A30695 /* ToggleCell.swift */ = {isa = PBXFileReference; fileEncoding = 4; lastKnownFileType = sourcecode.swift; path = ToggleCell.swift; sourceTree = "<group>"; };
		B3478AA527EDC66F00A30695 /* DSLTableManager.swift */ = {isa = PBXFileReference; fileEncoding = 4; lastKnownFileType = sourcecode.swift; path = DSLTableManager.swift; sourceTree = "<group>"; };
		B3478AA727EDC66F00A30695 /* BacicSection.swift */ = {isa = PBXFileReference; fileEncoding = 4; lastKnownFileType = sourcecode.swift; path = BacicSection.swift; sourceTree = "<group>"; };
		B3478AA827EDC66F00A30695 /* RadioSection.swift */ = {isa = PBXFileReference; fileEncoding = 4; lastKnownFileType = sourcecode.swift; path = RadioSection.swift; sourceTree = "<group>"; };
		B3478AA927EDC66F00A30695 /* TableSection.swift */ = {isa = PBXFileReference; fileEncoding = 4; lastKnownFileType = sourcecode.swift; path = TableSection.swift; sourceTree = "<group>"; };
		B3478AAA27EDC66F00A30695 /* Sectionable.swift */ = {isa = PBXFileReference; fileEncoding = 4; lastKnownFileType = sourcecode.swift; path = Sectionable.swift; sourceTree = "<group>"; };
		B3478AAC27EDC66F00A30695 /* TableKit.Log.swift */ = {isa = PBXFileReference; fileEncoding = 4; lastKnownFileType = sourcecode.swift; path = TableKit.Log.swift; sourceTree = "<group>"; };
		B3478AAD27EDC66F00A30695 /* TableCellHeightCalculator.swift */ = {isa = PBXFileReference; fileEncoding = 4; lastKnownFileType = sourcecode.swift; path = TableCellHeightCalculator.swift; sourceTree = "<group>"; };
		B3478AAE27EDC66F00A30695 /* TableCellRegisterer.swift */ = {isa = PBXFileReference; fileEncoding = 4; lastKnownFileType = sourcecode.swift; path = TableCellRegisterer.swift; sourceTree = "<group>"; };
		B3478AAF27EDC66F00A30695 /* TableRowAction.swift */ = {isa = PBXFileReference; fileEncoding = 4; lastKnownFileType = sourcecode.swift; path = TableRowAction.swift; sourceTree = "<group>"; };
		B3478AB127EDC66F00A30695 /* TableRow.swift */ = {isa = PBXFileReference; fileEncoding = 4; lastKnownFileType = sourcecode.swift; path = TableRow.swift; sourceTree = "<group>"; };
		B3478AB227EDC66F00A30695 /* BasicRow.swift */ = {isa = PBXFileReference; fileEncoding = 4; lastKnownFileType = sourcecode.swift; path = BasicRow.swift; sourceTree = "<group>"; };
		B3478AB327EDC66F00A30695 /* Configurable.swift */ = {isa = PBXFileReference; fileEncoding = 4; lastKnownFileType = sourcecode.swift; path = Configurable.swift; sourceTree = "<group>"; };
		B3478AB427EDC66F00A30695 /* Reusable.swift */ = {isa = PBXFileReference; fileEncoding = 4; lastKnownFileType = sourcecode.swift; path = Reusable.swift; sourceTree = "<group>"; };
		B3478AB627EDC66F00A30695 /* RowSystemable.swift */ = {isa = PBXFileReference; fileEncoding = 4; lastKnownFileType = sourcecode.swift; path = RowSystemable.swift; sourceTree = "<group>"; };
		B3478AB727EDC66F00A30695 /* Row.swift */ = {isa = PBXFileReference; fileEncoding = 4; lastKnownFileType = sourcecode.swift; path = Row.swift; sourceTree = "<group>"; };
		B3478AB827EDC66F00A30695 /* RowCompatible.swift */ = {isa = PBXFileReference; fileEncoding = 4; lastKnownFileType = sourcecode.swift; path = RowCompatible.swift; sourceTree = "<group>"; };
		B3478ABA27EDC66F00A30695 /* SeparatorRow.swift */ = {isa = PBXFileReference; fileEncoding = 4; lastKnownFileType = sourcecode.swift; path = SeparatorRow.swift; sourceTree = "<group>"; };
		B3478ABB27EDC66F00A30695 /* OptionRow.swift */ = {isa = PBXFileReference; fileEncoding = 4; lastKnownFileType = sourcecode.swift; path = OptionRow.swift; sourceTree = "<group>"; };
		B3478ABC27EDC66F00A30695 /* TapActionRow.swift */ = {isa = PBXFileReference; fileEncoding = 4; lastKnownFileType = sourcecode.swift; path = TapActionRow.swift; sourceTree = "<group>"; };
		B3478ABD27EDC66F00A30695 /* NavigationRow.swift */ = {isa = PBXFileReference; fileEncoding = 4; lastKnownFileType = sourcecode.swift; path = NavigationRow.swift; sourceTree = "<group>"; };
		B3478ABE27EDC66F00A30695 /* ToggleRow.swift */ = {isa = PBXFileReference; fileEncoding = 4; lastKnownFileType = sourcecode.swift; path = ToggleRow.swift; sourceTree = "<group>"; };
		B3478AC127EDC66F00A30695 /* Icon.swift */ = {isa = PBXFileReference; fileEncoding = 4; lastKnownFileType = sourcecode.swift; path = Icon.swift; sourceTree = "<group>"; };
		B3478AC227EDC66F00A30695 /* Icon.AsyncImage.swift */ = {isa = PBXFileReference; fileEncoding = 4; lastKnownFileType = sourcecode.swift; path = Icon.AsyncImage.swift; sourceTree = "<group>"; };
		B3478AC327EDC66F00A30695 /* Icon.Image.swift */ = {isa = PBXFileReference; fileEncoding = 4; lastKnownFileType = sourcecode.swift; path = Icon.Image.swift; sourceTree = "<group>"; };
		B3478AC427EDC66F00A30695 /* Text.swift */ = {isa = PBXFileReference; fileEncoding = 4; lastKnownFileType = sourcecode.swift; path = Text.swift; sourceTree = "<group>"; };
		B3478AC527EDC66F00A30695 /* DetailText.swift */ = {isa = PBXFileReference; fileEncoding = 4; lastKnownFileType = sourcecode.swift; path = DetailText.swift; sourceTree = "<group>"; };
		B3478AC627EDC66F00A30695 /* DSLTable.swift */ = {isa = PBXFileReference; fileEncoding = 4; lastKnownFileType = sourcecode.swift; path = DSLTable.swift; sourceTree = "<group>"; };
		B3478AC727EDC66F00A30695 /* TableDirector.swift */ = {isa = PBXFileReference; fileEncoding = 4; lastKnownFileType = sourcecode.swift; path = TableDirector.swift; sourceTree = "<group>"; };
		B3478AC827EDC66F00A30695 /* DSLAutoTable.swift */ = {isa = PBXFileReference; fileEncoding = 4; lastKnownFileType = sourcecode.swift; path = DSLAutoTable.swift; sourceTree = "<group>"; };
		B3478AF227EDCADB00A30695 /* NavigationRow2.swift */ = {isa = PBXFileReference; fileEncoding = 4; lastKnownFileType = sourcecode.swift; path = NavigationRow2.swift; sourceTree = "<group>"; };
		B3478AF427EDCADB00A30695 /* NavigationBadgeCell.swift */ = {isa = PBXFileReference; fileEncoding = 4; lastKnownFileType = sourcecode.swift; path = NavigationBadgeCell.swift; sourceTree = "<group>"; };
		B3478AF527EDCADB00A30695 /* NavigationBadgeRow.swift */ = {isa = PBXFileReference; fileEncoding = 4; lastKnownFileType = sourcecode.swift; path = NavigationBadgeRow.swift; sourceTree = "<group>"; };
		B3478AFA27EDCC0F00A30695 /* UITableViewCell+InsetGrouped.h */ = {isa = PBXFileReference; fileEncoding = 4; lastKnownFileType = sourcecode.c.h; path = "UITableViewCell+InsetGrouped.h"; sourceTree = "<group>"; };
		B3478AFC27EDCC0F00A30695 /* NSObject+InsetGrouped.h */ = {isa = PBXFileReference; fileEncoding = 4; lastKnownFileType = sourcecode.c.h; path = "NSObject+InsetGrouped.h"; sourceTree = "<group>"; };
		B3478AFD27EDCC0F00A30695 /* CALayer+CornerRadius.h */ = {isa = PBXFileReference; fileEncoding = 4; lastKnownFileType = sourcecode.c.h; path = "CALayer+CornerRadius.h"; sourceTree = "<group>"; };
		B3478AFE27EDCC0F00A30695 /* NSObject+InsetGrouped.m */ = {isa = PBXFileReference; fileEncoding = 4; lastKnownFileType = sourcecode.c.objc; path = "NSObject+InsetGrouped.m"; sourceTree = "<group>"; };
		B3478AFF27EDCC0F00A30695 /* CALayer+CornerRadius.m */ = {isa = PBXFileReference; fileEncoding = 4; lastKnownFileType = sourcecode.c.objc; path = "CALayer+CornerRadius.m"; sourceTree = "<group>"; };
		B3478B0127EDCC0F00A30695 /* NSMethodSignature+CCAdd.h */ = {isa = PBXFileReference; fileEncoding = 4; lastKnownFileType = sourcecode.c.h; path = "NSMethodSignature+CCAdd.h"; sourceTree = "<group>"; };
		B3478B0227EDCC0F00A30695 /* NSMethodSignature+CCAdd.m */ = {isa = PBXFileReference; fileEncoding = 4; lastKnownFileType = sourcecode.c.objc; path = "NSMethodSignature+CCAdd.m"; sourceTree = "<group>"; };
		B3478B0327EDCC0F00A30695 /* CCRuntime.h */ = {isa = PBXFileReference; fileEncoding = 4; lastKnownFileType = sourcecode.c.h; path = CCRuntime.h; sourceTree = "<group>"; };
		B3478B0427EDCC0F00A30695 /* UITableView+InsetGrouped.h */ = {isa = PBXFileReference; fileEncoding = 4; lastKnownFileType = sourcecode.c.h; path = "UITableView+InsetGrouped.h"; sourceTree = "<group>"; };
		B3478B0527EDCC0F00A30695 /* UITableViewCell+InsetGrouped.m */ = {isa = PBXFileReference; fileEncoding = 4; lastKnownFileType = sourcecode.c.objc; path = "UITableViewCell+InsetGrouped.m"; sourceTree = "<group>"; };
		B3478B0627EDCC0F00A30695 /* UITableView+InsetGrouped.m */ = {isa = PBXFileReference; fileEncoding = 4; lastKnownFileType = sourcecode.c.objc; path = "UITableView+InsetGrouped.m"; sourceTree = "<group>"; };
		B3478B0F27EDCC4100A30695 /* Bridging-Header.h */ = {isa = PBXFileReference; fileEncoding = 4; lastKnownFileType = sourcecode.c.h; path = "Bridging-Header.h"; sourceTree = "<group>"; };
		B3478B1027EDCDD100A30695 /* BannerCell.swift */ = {isa = PBXFileReference; lastKnownFileType = sourcecode.swift; path = BannerCell.swift; sourceTree = "<group>"; };
		B3E7C23627DB8BFC0036BC9D /* TableKit.app */ = {isa = PBXFileReference; explicitFileType = wrapper.application; includeInIndex = 0; path = TableKit.app; sourceTree = BUILT_PRODUCTS_DIR; };
		B3E7C23927DB8BFC0036BC9D /* AppDelegate.swift */ = {isa = PBXFileReference; lastKnownFileType = sourcecode.swift; path = AppDelegate.swift; sourceTree = "<group>"; };
		B3E7C23B27DB8BFC0036BC9D /* SceneDelegate.swift */ = {isa = PBXFileReference; lastKnownFileType = sourcecode.swift; path = SceneDelegate.swift; sourceTree = "<group>"; };
		B3E7C23D27DB8BFC0036BC9D /* ViewController.swift */ = {isa = PBXFileReference; lastKnownFileType = sourcecode.swift; path = ViewController.swift; sourceTree = "<group>"; };
		B3E7C24027DB8BFC0036BC9D /* Base */ = {isa = PBXFileReference; lastKnownFileType = file.storyboard; name = Base; path = Base.lproj/Main.storyboard; sourceTree = "<group>"; };
		B3E7C24227DB8BFC0036BC9D /* Assets.xcassets */ = {isa = PBXFileReference; lastKnownFileType = folder.assetcatalog; path = Assets.xcassets; sourceTree = "<group>"; };
		B3E7C24527DB8BFC0036BC9D /* Base */ = {isa = PBXFileReference; lastKnownFileType = file.storyboard; name = Base; path = Base.lproj/LaunchScreen.storyboard; sourceTree = "<group>"; };
		B3E7C24727DB8BFC0036BC9D /* Info.plist */ = {isa = PBXFileReference; lastKnownFileType = text.plist.xml; path = Info.plist; sourceTree = "<group>"; };
		EAB8B3D73C37D96E874107BC /* Pods-TableKit.release.xcconfig */ = {isa = PBXFileReference; includeInIndex = 1; lastKnownFileType = text.xcconfig; name = "Pods-TableKit.release.xcconfig"; path = "Target Support Files/Pods-TableKit/Pods-TableKit.release.xcconfig"; sourceTree = "<group>"; };
/* End PBXFileReference section */

/* Begin PBXFrameworksBuildPhase section */
		B3E7C23327DB8BFC0036BC9D /* Frameworks */ = {
			isa = PBXFrameworksBuildPhase;
			buildActionMask = 2147483647;
			files = (
				51EF6F93CF8632C33FED24BA /* Pods_TableKit.framework in Frameworks */,
			);
			runOnlyForDeploymentPostprocessing = 0;
		};
/* End PBXFrameworksBuildPhase section */

/* Begin PBXGroup section */
		296D5EB8075763A17F574FF2 /* Pods */ = {
			isa = PBXGroup;
			children = (
				905AEC9F2BBA4AB8A08C04BD /* Pods-TableKit.debug.xcconfig */,
				EAB8B3D73C37D96E874107BC /* Pods-TableKit.release.xcconfig */,
			);
			path = Pods;
			sourceTree = "<group>";
		};
		AF2C277346321D83FCB3E7E9 /* Frameworks */ = {
			isa = PBXGroup;
			children = (
				B28594BBE2932A34CCC4426B /* Pods_TableKit.framework */,
			);
			name = Frameworks;
			sourceTree = "<group>";
		};
		B3478A9827EDC66F00A30695 /* Core */ = {
			isa = PBXGroup;
			children = (
				B3478A9927EDC66F00A30695 /* UIBinding */,
				B3478AA127EDC66F00A30695 /* DSLTableManager.Extension.swift */,
				B3478AA227EDC66F00A30695 /* Cells */,
				B3478AA527EDC66F00A30695 /* DSLTableManager.swift */,
				B3478AA627EDC66F00A30695 /* Section */,
				B3478AAB27EDC66F00A30695 /* Utils */,
				B3478AB027EDC66F00A30695 /* Row */,
				B3478ABF27EDC66F00A30695 /* Model */,
				B3478AC627EDC66F00A30695 /* DSLTable.swift */,
				B3478AC727EDC66F00A30695 /* TableDirector.swift */,
				B3478AC827EDC66F00A30695 /* DSLAutoTable.swift */,
			);
			path = Core;
			sourceTree = "<group>";
		};
		B3478A9927EDC66F00A30695 /* UIBinding */ = {
			isa = PBXGroup;
			children = (
				B3478A9A27EDC66F00A30695 /* Binding.swift */,
				B3478A9B27EDC66F00A30695 /* AnyLocation.swift */,
				B3478A9C27EDC66F00A30695 /* State.swift */,
				B3478A9D27EDC66F00A30695 /* BindingExtension.swift */,
				B3478A9E27EDC66F00A30695 /* ResultBuilder.swift */,
				B3478A9F27EDC66F00A30695 /* Modifier.swift */,
				B3478AA027EDC66F00A30695 /* BindingConvertible.swift */,
			);
			path = UIBinding;
			sourceTree = "<group>";
		};
		B3478AA227EDC66F00A30695 /* Cells */ = {
			isa = PBXGroup;
			children = (
				B3478AA327EDC66F00A30695 /* TapActionCell.swift */,
				B3478AA427EDC66F00A30695 /* ToggleCell.swift */,
				9B4D8F2B27F1B5F2005D1263 /* SeparatorCell.swift */,
			);
			path = Cells;
			sourceTree = "<group>";
		};
		B3478AA627EDC66F00A30695 /* Section */ = {
			isa = PBXGroup;
			children = (
				B3478AA727EDC66F00A30695 /* BacicSection.swift */,
				B3478AA827EDC66F00A30695 /* RadioSection.swift */,
				B3478AA927EDC66F00A30695 /* TableSection.swift */,
				B3478AAA27EDC66F00A30695 /* Sectionable.swift */,
			);
			path = Section;
			sourceTree = "<group>";
		};
		B3478AAB27EDC66F00A30695 /* Utils */ = {
			isa = PBXGroup;
			children = (
				B3478AAC27EDC66F00A30695 /* TableKit.Log.swift */,
				B3478AAD27EDC66F00A30695 /* TableCellHeightCalculator.swift */,
				B3478AAE27EDC66F00A30695 /* TableCellRegisterer.swift */,
				B3478AAF27EDC66F00A30695 /* TableRowAction.swift */,
			);
			path = Utils;
			sourceTree = "<group>";
		};
		B3478AB027EDC66F00A30695 /* Row */ = {
			isa = PBXGroup;
			children = (
				B3478AB127EDC66F00A30695 /* TableRow.swift */,
				B3478AB227EDC66F00A30695 /* BasicRow.swift */,
				B3478AB327EDC66F00A30695 /* Configurable.swift */,
				B3478AB427EDC66F00A30695 /* Reusable.swift */,
				B3478AB527EDC66F00A30695 /* Protocol */,
				B3478AB927EDC66F00A30695 /* System */,
			);
			path = Row;
			sourceTree = "<group>";
		};
		B3478AB527EDC66F00A30695 /* Protocol */ = {
			isa = PBXGroup;
			children = (
				B3478AB627EDC66F00A30695 /* RowSystemable.swift */,
				B3478AB727EDC66F00A30695 /* Row.swift */,
				B3478AB827EDC66F00A30695 /* RowCompatible.swift */,
			);
			path = Protocol;
			sourceTree = "<group>";
		};
		B3478AB927EDC66F00A30695 /* System */ = {
			isa = PBXGroup;
			children = (
				B3478ABA27EDC66F00A30695 /* SeparatorRow.swift */,
				B3478ABB27EDC66F00A30695 /* OptionRow.swift */,
				B3478ABC27EDC66F00A30695 /* TapActionRow.swift */,
				B3478ABD27EDC66F00A30695 /* NavigationRow.swift */,
				B3478ABE27EDC66F00A30695 /* ToggleRow.swift */,
			);
			path = System;
			sourceTree = "<group>";
		};
		B3478ABF27EDC66F00A30695 /* Model */ = {
			isa = PBXGroup;
			children = (
				B3478AC027EDC66F00A30695 /* Icon */,
				B3478AC427EDC66F00A30695 /* Text.swift */,
				B3478AC527EDC66F00A30695 /* DetailText.swift */,
			);
			path = Model;
			sourceTree = "<group>";
		};
		B3478AC027EDC66F00A30695 /* Icon */ = {
			isa = PBXGroup;
			children = (
				B3478AC127EDC66F00A30695 /* Icon.swift */,
				B3478AC227EDC66F00A30695 /* Icon.AsyncImage.swift */,
				B3478AC327EDC66F00A30695 /* Icon.Image.swift */,
			);
			path = Icon;
			sourceTree = "<group>";
		};
		B3478AF027EDCADB00A30695 /* Extension */ = {
			isa = PBXGroup;
			children = (
				B3478AF127EDCADB00A30695 /* Navigation */,
				B3478AF327EDCADB00A30695 /* Badge */,
			);
			path = Extension;
			sourceTree = "<group>";
		};
		B3478AF127EDCADB00A30695 /* Navigation */ = {
			isa = PBXGroup;
			children = (
				B3478AF227EDCADB00A30695 /* NavigationRow2.swift */,
			);
			path = Navigation;
			sourceTree = "<group>";
		};
		B3478AF327EDCADB00A30695 /* Badge */ = {
			isa = PBXGroup;
			children = (
				B3478AF427EDCADB00A30695 /* NavigationBadgeCell.swift */,
				B3478AF527EDCADB00A30695 /* NavigationBadgeRow.swift */,
			);
			path = Badge;
			sourceTree = "<group>";
		};
		B3478AF927EDCC0F00A30695 /* InsetGrouped */ = {
			isa = PBXGroup;
			children = (
				B3478AFA27EDCC0F00A30695 /* UITableViewCell+InsetGrouped.h */,
				B3478AFB27EDCC0F00A30695 /* Extenison */,
				B3478B0027EDCC0F00A30695 /* Runtime */,
				B3478B0427EDCC0F00A30695 /* UITableView+InsetGrouped.h */,
				B3478B0527EDCC0F00A30695 /* UITableViewCell+InsetGrouped.m */,
				B3478B0627EDCC0F00A30695 /* UITableView+InsetGrouped.m */,
			);
			path = InsetGrouped;
			sourceTree = "<group>";
		};
		B3478AFB27EDCC0F00A30695 /* Extenison */ = {
			isa = PBXGroup;
			children = (
				B3478AFC27EDCC0F00A30695 /* NSObject+InsetGrouped.h */,
				B3478AFD27EDCC0F00A30695 /* CALayer+CornerRadius.h */,
				B3478AFE27EDCC0F00A30695 /* NSObject+InsetGrouped.m */,
				B3478AFF27EDCC0F00A30695 /* CALayer+CornerRadius.m */,
			);
			path = Extenison;
			sourceTree = "<group>";
		};
		B3478B0027EDCC0F00A30695 /* Runtime */ = {
			isa = PBXGroup;
			children = (
				B3478B0127EDCC0F00A30695 /* NSMethodSignature+CCAdd.h */,
				B3478B0227EDCC0F00A30695 /* NSMethodSignature+CCAdd.m */,
				B3478B0327EDCC0F00A30695 /* CCRuntime.h */,
			);
			path = Runtime;
			sourceTree = "<group>";
		};
		B3E7C22D27DB8BFC0036BC9D = {
			isa = PBXGroup;
			children = (
				B3E7C23827DB8BFC0036BC9D /* TableKit */,
				B3E7C23727DB8BFC0036BC9D /* Products */,
				296D5EB8075763A17F574FF2 /* Pods */,
				AF2C277346321D83FCB3E7E9 /* Frameworks */,
			);
			sourceTree = "<group>";
		};
		B3E7C23727DB8BFC0036BC9D /* Products */ = {
			isa = PBXGroup;
			children = (
				B3E7C23627DB8BFC0036BC9D /* TableKit.app */,
			);
			name = Products;
			sourceTree = "<group>";
		};
		B3E7C23827DB8BFC0036BC9D /* TableKit */ = {
			isa = PBXGroup;
			children = (
				B3478AF927EDCC0F00A30695 /* InsetGrouped */,
				B3478AF027EDCADB00A30695 /* Extension */,
				B3FB54E727EACCE30014AC6E /* Sourse */,
				B3E7C23927DB8BFC0036BC9D /* AppDelegate.swift */,
				B3E7C23B27DB8BFC0036BC9D /* SceneDelegate.swift */,
				B3E7C23D27DB8BFC0036BC9D /* ViewController.swift */,
				B3478B1027EDCDD100A30695 /* BannerCell.swift */,
				B3478B0F27EDCC4100A30695 /* Bridging-Header.h */,
				B3E7C23F27DB8BFC0036BC9D /* Main.storyboard */,
				B3E7C24227DB8BFC0036BC9D /* Assets.xcassets */,
				B3E7C24427DB8BFC0036BC9D /* LaunchScreen.storyboard */,
				B3E7C24727DB8BFC0036BC9D /* Info.plist */,
			);
			path = TableKit;
			sourceTree = "<group>";
		};
		B3FB54E727EACCE30014AC6E /* Sourse */ = {
			isa = PBXGroup;
			children = (
				B3478A9827EDC66F00A30695 /* Core */,
			);
			path = Sourse;
			sourceTree = "<group>";
		};
/* End PBXGroup section */

/* Begin PBXNativeTarget section */
		B3E7C23527DB8BFC0036BC9D /* TableKit */ = {
			isa = PBXNativeTarget;
			buildConfigurationList = B3E7C24A27DB8BFC0036BC9D /* Build configuration list for PBXNativeTarget "TableKit" */;
			buildPhases = (
				57EA7F8BBA7453EA312A2302 /* [CP] Check Pods Manifest.lock */,
				B3E7C23227DB8BFC0036BC9D /* Sources */,
				B3E7C23327DB8BFC0036BC9D /* Frameworks */,
				B3E7C23427DB8BFC0036BC9D /* Resources */,
				C12F29CE9DA1723C8D3A152C /* [CP] Embed Pods Frameworks */,
			);
			buildRules = (
			);
			dependencies = (
			);
			name = TableKit;
			productName = TableKit;
			productReference = B3E7C23627DB8BFC0036BC9D /* TableKit.app */;
			productType = "com.apple.product-type.application";
		};
/* End PBXNativeTarget section */

/* Begin PBXProject section */
		B3E7C22E27DB8BFC0036BC9D /* Project object */ = {
			isa = PBXProject;
			attributes = {
				BuildIndependentTargetsInParallel = 1;
				LastSwiftUpdateCheck = 1320;
				LastUpgradeCheck = 1320;
				TargetAttributes = {
					B3E7C23527DB8BFC0036BC9D = {
						CreatedOnToolsVersion = 13.2;
					};
				};
			};
			buildConfigurationList = B3E7C23127DB8BFC0036BC9D /* Build configuration list for PBXProject "TableKit" */;
			compatibilityVersion = "Xcode 13.0";
			developmentRegion = en;
			hasScannedForEncodings = 0;
			knownRegions = (
				en,
				Base,
			);
			mainGroup = B3E7C22D27DB8BFC0036BC9D;
			productRefGroup = B3E7C23727DB8BFC0036BC9D /* Products */;
			projectDirPath = "";
			projectRoot = "";
			targets = (
				B3E7C23527DB8BFC0036BC9D /* TableKit */,
			);
		};
/* End PBXProject section */

/* Begin PBXResourcesBuildPhase section */
		B3E7C23427DB8BFC0036BC9D /* Resources */ = {
			isa = PBXResourcesBuildPhase;
			buildActionMask = 2147483647;
			files = (
				B3E7C24627DB8BFC0036BC9D /* LaunchScreen.storyboard in Resources */,
				B3E7C24327DB8BFC0036BC9D /* Assets.xcassets in Resources */,
				B3E7C24127DB8BFC0036BC9D /* Main.storyboard in Resources */,
			);
			runOnlyForDeploymentPostprocessing = 0;
		};
/* End PBXResourcesBuildPhase section */

/* Begin PBXShellScriptBuildPhase section */
		57EA7F8BBA7453EA312A2302 /* [CP] Check Pods Manifest.lock */ = {
			isa = PBXShellScriptBuildPhase;
			buildActionMask = 2147483647;
			files = (
			);
			inputFileListPaths = (
			);
			inputPaths = (
				"${PODS_PODFILE_DIR_PATH}/Podfile.lock",
				"${PODS_ROOT}/Manifest.lock",
			);
			name = "[CP] Check Pods Manifest.lock";
			outputFileListPaths = (
			);
			outputPaths = (
				"$(DERIVED_FILE_DIR)/Pods-TableKit-checkManifestLockResult.txt",
			);
			runOnlyForDeploymentPostprocessing = 0;
			shellPath = /bin/sh;
			shellScript = "diff \"${PODS_PODFILE_DIR_PATH}/Podfile.lock\" \"${PODS_ROOT}/Manifest.lock\" > /dev/null\nif [ $? != 0 ] ; then\n    # print error to STDERR\n    echo \"error: The sandbox is not in sync with the Podfile.lock. Run 'pod install' or update your CocoaPods installation.\" >&2\n    exit 1\nfi\n# This output is used by Xcode 'outputs' to avoid re-running this script phase.\necho \"SUCCESS\" > \"${SCRIPT_OUTPUT_FILE_0}\"\n";
			showEnvVarsInLog = 0;
		};
		C12F29CE9DA1723C8D3A152C /* [CP] Embed Pods Frameworks */ = {
			isa = PBXShellScriptBuildPhase;
			buildActionMask = 2147483647;
			files = (
			);
			inputFileListPaths = (
				"${PODS_ROOT}/Target Support Files/Pods-TableKit/Pods-TableKit-frameworks-${CONFIGURATION}-input-files.xcfilelist",
			);
			name = "[CP] Embed Pods Frameworks";
			outputFileListPaths = (
				"${PODS_ROOT}/Target Support Files/Pods-TableKit/Pods-TableKit-frameworks-${CONFIGURATION}-output-files.xcfilelist",
			);
			runOnlyForDeploymentPostprocessing = 0;
			shellPath = /bin/sh;
			shellScript = "\"${PODS_ROOT}/Target Support Files/Pods-TableKit/Pods-TableKit-frameworks.sh\"\n";
			showEnvVarsInLog = 0;
		};
/* End PBXShellScriptBuildPhase section */

/* Begin PBXSourcesBuildPhase section */
		B3E7C23227DB8BFC0036BC9D /* Sources */ = {
			isa = PBXSourcesBuildPhase;
			buildActionMask = 2147483647;
			files = (
				B3478AEE27EDC67000A30695 /* TableDirector.swift in Sources */,
				B3478AEF27EDC67000A30695 /* DSLAutoTable.swift in Sources */,
				B3478B0927EDCC0F00A30695 /* NSMethodSignature+CCAdd.m in Sources */,
				B3E7C23E27DB8BFC0036BC9D /* ViewController.swift in Sources */,
				B3478AF827EDCADB00A30695 /* NavigationBadgeRow.swift in Sources */,
				B3478AD927EDC67000A30695 /* TableCellHeightCalculator.swift in Sources */,
				B3478AE327EDC67000A30695 /* SeparatorRow.swift in Sources */,
				B3478AD827EDC67000A30695 /* TableKit.Log.swift in Sources */,
				B3478AD527EDC67000A30695 /* RadioSection.swift in Sources */,
				B3E7C23A27DB8BFC0036BC9D /* AppDelegate.swift in Sources */,
				B3478AEB27EDC67000A30695 /* Text.swift in Sources */,
				B3478AE627EDC67000A30695 /* NavigationRow.swift in Sources */,
				B3478ADB27EDC67000A30695 /* TableRowAction.swift in Sources */,
				B3478ADF27EDC67000A30695 /* Reusable.swift in Sources */,
				B3478AE527EDC67000A30695 /* TapActionRow.swift in Sources */,
				B3E7C23C27DB8BFC0036BC9D /* SceneDelegate.swift in Sources */,
				B3478ACA27EDC67000A30695 /* AnyLocation.swift in Sources */,
				B3478AD627EDC67000A30695 /* TableSection.swift in Sources */,
				B3478ADA27EDC67000A30695 /* TableCellRegisterer.swift in Sources */,
				B3478B0A27EDCC0F00A30695 /* UITableViewCell+InsetGrouped.m in Sources */,
				B3478B0727EDCC0F00A30695 /* NSObject+InsetGrouped.m in Sources */,
				B3478ADE27EDC67000A30695 /* Configurable.swift in Sources */,
				B3478AE127EDC67000A30695 /* Row.swift in Sources */,
				B3478AD227EDC67000A30695 /* ToggleCell.swift in Sources */,
				B3478AD427EDC67000A30695 /* BacicSection.swift in Sources */,
				B3478B0827EDCC0F00A30695 /* CALayer+CornerRadius.m in Sources */,
				B3478ACD27EDC67000A30695 /* ResultBuilder.swift in Sources */,
				B3478ADC27EDC67000A30695 /* TableRow.swift in Sources */,
				B3478AF727EDCADB00A30695 /* NavigationBadgeCell.swift in Sources */,
				B3478AE727EDC67000A30695 /* ToggleRow.swift in Sources */,
				B3478B0B27EDCC0F00A30695 /* UITableView+InsetGrouped.m in Sources */,
				B3478AD027EDC67000A30695 /* DSLTableManager.Extension.swift in Sources */,
				B3478ACF27EDC67000A30695 /* BindingConvertible.swift in Sources */,
				B3478AE827EDC67000A30695 /* Icon.swift in Sources */,
				B3478AD727EDC67000A30695 /* Sectionable.swift in Sources */,
				B3478AD327EDC67000A30695 /* DSLTableManager.swift in Sources */,
				B3478AF627EDCADB00A30695 /* NavigationRow2.swift in Sources */,
				B3478AEC27EDC67000A30695 /* DetailText.swift in Sources */,
				B3478AED27EDC67000A30695 /* DSLTable.swift in Sources */,
				B3478AC927EDC67000A30695 /* Binding.swift in Sources */,
				B3478ADD27EDC67000A30695 /* BasicRow.swift in Sources */,
				B3478B1127EDCDD100A30695 /* BannerCell.swift in Sources */,
				B3478AE927EDC67000A30695 /* Icon.AsyncImage.swift in Sources */,
				9B4D8F2C27F1B5F2005D1263 /* SeparatorCell.swift in Sources */,
				B3478ACC27EDC67000A30695 /* BindingExtension.swift in Sources */,
				B3478AE227EDC67000A30695 /* RowCompatible.swift in Sources */,
				B3478AE427EDC67000A30695 /* OptionRow.swift in Sources */,
				B3478AD127EDC67000A30695 /* TapActionCell.swift in Sources */,
				B3478ACB27EDC67000A30695 /* State.swift in Sources */,
				B3478ACE27EDC67000A30695 /* Modifier.swift in Sources */,
				B3478AEA27EDC67000A30695 /* Icon.Image.swift in Sources */,
				B3478AE027EDC67000A30695 /* RowSystemable.swift in Sources */,
			);
			runOnlyForDeploymentPostprocessing = 0;
		};
/* End PBXSourcesBuildPhase section */

/* Begin PBXVariantGroup section */
		B3E7C23F27DB8BFC0036BC9D /* Main.storyboard */ = {
			isa = PBXVariantGroup;
			children = (
				B3E7C24027DB8BFC0036BC9D /* Base */,
			);
			name = Main.storyboard;
			sourceTree = "<group>";
		};
		B3E7C24427DB8BFC0036BC9D /* LaunchScreen.storyboard */ = {
			isa = PBXVariantGroup;
			children = (
				B3E7C24527DB8BFC0036BC9D /* Base */,
			);
			name = LaunchScreen.storyboard;
			sourceTree = "<group>";
		};
/* End PBXVariantGroup section */

/* Begin XCBuildConfiguration section */
		B3E7C24827DB8BFC0036BC9D /* Debug */ = {
			isa = XCBuildConfiguration;
			buildSettings = {
				ALWAYS_SEARCH_USER_PATHS = NO;
				CLANG_ANALYZER_NONNULL = YES;
				CLANG_ANALYZER_NUMBER_OBJECT_CONVERSION = YES_AGGRESSIVE;
				CLANG_CXX_LANGUAGE_STANDARD = "gnu++17";
				CLANG_CXX_LIBRARY = "libc++";
				CLANG_ENABLE_MODULES = YES;
				CLANG_ENABLE_OBJC_ARC = YES;
				CLANG_ENABLE_OBJC_WEAK = YES;
				CLANG_WARN_BLOCK_CAPTURE_AUTORELEASING = YES;
				CLANG_WARN_BOOL_CONVERSION = YES;
				CLANG_WARN_COMMA = YES;
				CLANG_WARN_CONSTANT_CONVERSION = YES;
				CLANG_WARN_DEPRECATED_OBJC_IMPLEMENTATIONS = YES;
				CLANG_WARN_DIRECT_OBJC_ISA_USAGE = YES_ERROR;
				CLANG_WARN_DOCUMENTATION_COMMENTS = YES;
				CLANG_WARN_EMPTY_BODY = YES;
				CLANG_WARN_ENUM_CONVERSION = YES;
				CLANG_WARN_INFINITE_RECURSION = YES;
				CLANG_WARN_INT_CONVERSION = YES;
				CLANG_WARN_NON_LITERAL_NULL_CONVERSION = YES;
				CLANG_WARN_OBJC_IMPLICIT_RETAIN_SELF = YES;
				CLANG_WARN_OBJC_LITERAL_CONVERSION = YES;
				CLANG_WARN_OBJC_ROOT_CLASS = YES_ERROR;
				CLANG_WARN_QUOTED_INCLUDE_IN_FRAMEWORK_HEADER = YES;
				CLANG_WARN_RANGE_LOOP_ANALYSIS = YES;
				CLANG_WARN_STRICT_PROTOTYPES = YES;
				CLANG_WARN_SUSPICIOUS_MOVE = YES;
				CLANG_WARN_UNGUARDED_AVAILABILITY = YES_AGGRESSIVE;
				CLANG_WARN_UNREACHABLE_CODE = YES;
				CLANG_WARN__DUPLICATE_METHOD_MATCH = YES;
				COPY_PHASE_STRIP = NO;
				DEBUG_INFORMATION_FORMAT = dwarf;
				ENABLE_STRICT_OBJC_MSGSEND = YES;
				ENABLE_TESTABILITY = YES;
				GCC_C_LANGUAGE_STANDARD = gnu11;
				GCC_DYNAMIC_NO_PIC = NO;
				GCC_NO_COMMON_BLOCKS = YES;
				GCC_OPTIMIZATION_LEVEL = 0;
				GCC_PREPROCESSOR_DEFINITIONS = (
					"DEBUG=1",
					"$(inherited)",
				);
				GCC_WARN_64_TO_32_BIT_CONVERSION = YES;
				GCC_WARN_ABOUT_RETURN_TYPE = YES_ERROR;
				GCC_WARN_UNDECLARED_SELECTOR = YES;
				GCC_WARN_UNINITIALIZED_AUTOS = YES_AGGRESSIVE;
				GCC_WARN_UNUSED_FUNCTION = YES;
				GCC_WARN_UNUSED_VARIABLE = YES;
				IPHONEOS_DEPLOYMENT_TARGET = 15.2;
				MTL_ENABLE_DEBUG_INFO = INCLUDE_SOURCE;
				MTL_FAST_MATH = YES;
				ONLY_ACTIVE_ARCH = YES;
				SDKROOT = iphoneos;
				SWIFT_ACTIVE_COMPILATION_CONDITIONS = DEBUG;
				SWIFT_OPTIMIZATION_LEVEL = "-Onone";
			};
			name = Debug;
		};
		B3E7C24927DB8BFC0036BC9D /* Release */ = {
			isa = XCBuildConfiguration;
			buildSettings = {
				ALWAYS_SEARCH_USER_PATHS = NO;
				CLANG_ANALYZER_NONNULL = YES;
				CLANG_ANALYZER_NUMBER_OBJECT_CONVERSION = YES_AGGRESSIVE;
				CLANG_CXX_LANGUAGE_STANDARD = "gnu++17";
				CLANG_CXX_LIBRARY = "libc++";
				CLANG_ENABLE_MODULES = YES;
				CLANG_ENABLE_OBJC_ARC = YES;
				CLANG_ENABLE_OBJC_WEAK = YES;
				CLANG_WARN_BLOCK_CAPTURE_AUTORELEASING = YES;
				CLANG_WARN_BOOL_CONVERSION = YES;
				CLANG_WARN_COMMA = YES;
				CLANG_WARN_CONSTANT_CONVERSION = YES;
				CLANG_WARN_DEPRECATED_OBJC_IMPLEMENTATIONS = YES;
				CLANG_WARN_DIRECT_OBJC_ISA_USAGE = YES_ERROR;
				CLANG_WARN_DOCUMENTATION_COMMENTS = YES;
				CLANG_WARN_EMPTY_BODY = YES;
				CLANG_WARN_ENUM_CONVERSION = YES;
				CLANG_WARN_INFINITE_RECURSION = YES;
				CLANG_WARN_INT_CONVERSION = YES;
				CLANG_WARN_NON_LITERAL_NULL_CONVERSION = YES;
				CLANG_WARN_OBJC_IMPLICIT_RETAIN_SELF = YES;
				CLANG_WARN_OBJC_LITERAL_CONVERSION = YES;
				CLANG_WARN_OBJC_ROOT_CLASS = YES_ERROR;
				CLANG_WARN_QUOTED_INCLUDE_IN_FRAMEWORK_HEADER = YES;
				CLANG_WARN_RANGE_LOOP_ANALYSIS = YES;
				CLANG_WARN_STRICT_PROTOTYPES = YES;
				CLANG_WARN_SUSPICIOUS_MOVE = YES;
				CLANG_WARN_UNGUARDED_AVAILABILITY = YES_AGGRESSIVE;
				CLANG_WARN_UNREACHABLE_CODE = YES;
				CLANG_WARN__DUPLICATE_METHOD_MATCH = YES;
				COPY_PHASE_STRIP = NO;
				DEBUG_INFORMATION_FORMAT = "dwarf-with-dsym";
				ENABLE_NS_ASSERTIONS = NO;
				ENABLE_STRICT_OBJC_MSGSEND = YES;
				GCC_C_LANGUAGE_STANDARD = gnu11;
				GCC_NO_COMMON_BLOCKS = YES;
				GCC_WARN_64_TO_32_BIT_CONVERSION = YES;
				GCC_WARN_ABOUT_RETURN_TYPE = YES_ERROR;
				GCC_WARN_UNDECLARED_SELECTOR = YES;
				GCC_WARN_UNINITIALIZED_AUTOS = YES_AGGRESSIVE;
				GCC_WARN_UNUSED_FUNCTION = YES;
				GCC_WARN_UNUSED_VARIABLE = YES;
				IPHONEOS_DEPLOYMENT_TARGET = 15.2;
				MTL_ENABLE_DEBUG_INFO = NO;
				MTL_FAST_MATH = YES;
				SDKROOT = iphoneos;
				SWIFT_COMPILATION_MODE = wholemodule;
				SWIFT_OPTIMIZATION_LEVEL = "-O";
				VALIDATE_PRODUCT = YES;
			};
			name = Release;
		};
		B3E7C24B27DB8BFC0036BC9D /* Debug */ = {
			isa = XCBuildConfiguration;
			baseConfigurationReference = 905AEC9F2BBA4AB8A08C04BD /* Pods-TableKit.debug.xcconfig */;
			buildSettings = {
				ASSETCATALOG_COMPILER_APPICON_NAME = AppIcon;
				ASSETCATALOG_COMPILER_GLOBAL_ACCENT_COLOR_NAME = AccentColor;
				CODE_SIGN_STYLE = Automatic;
				CURRENT_PROJECT_VERSION = 1;
				DEBUG_INFORMATION_FORMAT = "dwarf-with-dsym";
				DEVELOPMENT_TEAM = 34Z49UTC7S;
				GENERATE_INFOPLIST_FILE = YES;
				INFOPLIST_FILE = TableKit/Info.plist;
				INFOPLIST_KEY_UIApplicationSupportsIndirectInputEvents = YES;
				INFOPLIST_KEY_UILaunchStoryboardName = LaunchScreen;
				INFOPLIST_KEY_UIMainStoryboardFile = Main;
				INFOPLIST_KEY_UISupportedInterfaceOrientations_iPad = "UIInterfaceOrientationPortrait UIInterfaceOrientationPortraitUpsideDown UIInterfaceOrientationLandscapeLeft UIInterfaceOrientationLandscapeRight";
				INFOPLIST_KEY_UISupportedInterfaceOrientations_iPhone = "UIInterfaceOrientationPortrait UIInterfaceOrientationLandscapeLeft UIInterfaceOrientationLandscapeRight";
				LD_RUNPATH_SEARCH_PATHS = (
					"$(inherited)",
					"@executable_path/Frameworks",
				);
				MARKETING_VERSION = 1.0;
				PRODUCT_BUNDLE_IDENTIFIER = fun.TableKit;
				PRODUCT_NAME = "$(TARGET_NAME)";
				SWIFT_EMIT_LOC_STRINGS = YES;
				SWIFT_OBJC_BRIDGING_HEADER = "TableKit/Bridging-Header.h";
				SWIFT_VERSION = 5.0;
				TARGETED_DEVICE_FAMILY = "1,2";
			};
			name = Debug;
		};
		B3E7C24C27DB8BFC0036BC9D /* Release */ = {
			isa = XCBuildConfiguration;
			baseConfigurationReference = EAB8B3D73C37D96E874107BC /* Pods-TableKit.release.xcconfig */;
			buildSettings = {
				ASSETCATALOG_COMPILER_APPICON_NAME = AppIcon;
				ASSETCATALOG_COMPILER_GLOBAL_ACCENT_COLOR_NAME = AccentColor;
				CODE_SIGN_STYLE = Automatic;
				CURRENT_PROJECT_VERSION = 1;
				DEVELOPMENT_TEAM = 34Z49UTC7S;
				GENERATE_INFOPLIST_FILE = YES;
				INFOPLIST_FILE = TableKit/Info.plist;
				INFOPLIST_KEY_UIApplicationSupportsIndirectInputEvents = YES;
				INFOPLIST_KEY_UILaunchStoryboardName = LaunchScreen;
				INFOPLIST_KEY_UIMainStoryboardFile = Main;
				INFOPLIST_KEY_UISupportedInterfaceOrientations_iPad = "UIInterfaceOrientationPortrait UIInterfaceOrientationPortraitUpsideDown UIInterfaceOrientationLandscapeLeft UIInterfaceOrientationLandscapeRight";
				INFOPLIST_KEY_UISupportedInterfaceOrientations_iPhone = "UIInterfaceOrientationPortrait UIInterfaceOrientationLandscapeLeft UIInterfaceOrientationLandscapeRight";
				LD_RUNPATH_SEARCH_PATHS = (
					"$(inherited)",
					"@executable_path/Frameworks",
				);
				MARKETING_VERSION = 1.0;
				PRODUCT_BUNDLE_IDENTIFIER = fun.TableKit;
				PRODUCT_NAME = "$(TARGET_NAME)";
				SWIFT_EMIT_LOC_STRINGS = YES;
				SWIFT_OBJC_BRIDGING_HEADER = "TableKit/Bridging-Header.h";
				SWIFT_VERSION = 5.0;
				TARGETED_DEVICE_FAMILY = "1,2";
			};
			name = Release;
		};
/* End XCBuildConfiguration section */

/* Begin XCConfigurationList section */
		B3E7C23127DB8BFC0036BC9D /* Build configuration list for PBXProject "TableKit" */ = {
			isa = XCConfigurationList;
			buildConfigurations = (
				B3E7C24827DB8BFC0036BC9D /* Debug */,
				B3E7C24927DB8BFC0036BC9D /* Release */,
			);
			defaultConfigurationIsVisible = 0;
			defaultConfigurationName = Release;
		};
		B3E7C24A27DB8BFC0036BC9D /* Build configuration list for PBXNativeTarget "TableKit" */ = {
			isa = XCConfigurationList;
			buildConfigurations = (
				B3E7C24B27DB8BFC0036BC9D /* Debug */,
				B3E7C24C27DB8BFC0036BC9D /* Release */,
			);
			defaultConfigurationIsVisible = 0;
			defaultConfigurationName = Release;
		};
/* End XCConfigurationList section */
	};
	rootObject = B3E7C22E27DB8BFC0036BC9D /* Project object */;
}
