// !$*UTF8*$!
{
	archiveVersion = 1;
	classes = {
	};
	objectVersion = 55;
	objects = {

/* Begin PBXBuildFile section */
		B3496BC327F45800007D7A1D /* AppDelegate.swift in Sources */ = {isa = PBXBuildFile; fileRef = B3496BC227F45800007D7A1D /* AppDelegate.swift */; };
		B3496BC527F45800007D7A1D /* SceneDelegate.swift in Sources */ = {isa = PBXBuildFile; fileRef = B3496BC427F45800007D7A1D /* SceneDelegate.swift */; };
		B3496BC727F45800007D7A1D /* ViewController.swift in Sources */ = {isa = PBXBuildFile; fileRef = B3496BC627F45800007D7A1D /* ViewController.swift */; };
		B3496BCA27F45800007D7A1D /* Main.storyboard in Resources */ = {isa = PBXBuildFile; fileRef = B3496BC827F45800007D7A1D /* Main.storyboard */; };
		B3496BCC27F45800007D7A1D /* Assets.xcassets in Resources */ = {isa = PBXBuildFile; fileRef = B3496BCB27F45800007D7A1D /* Assets.xcassets */; };
		B3496BCF27F45800007D7A1D /* LaunchScreen.storyboard in Resources */ = {isa = PBXBuildFile; fileRef = B3496BCD27F45800007D7A1D /* LaunchScreen.storyboard */; };
		B3496BE527F45851007D7A1D /* NSObject+InsetGrouped.m in Sources */ = {isa = PBXBuildFile; fileRef = B3496BDC27F45851007D7A1D /* NSObject+InsetGrouped.m */; };
		B3496BE627F45851007D7A1D /* CALayer+CornerRadius.m in Sources */ = {isa = PBXBuildFile; fileRef = B3496BDD27F45851007D7A1D /* CALayer+CornerRadius.m */; };
		B3496BE727F45851007D7A1D /* NSMethodSignature+CCAdd.m in Sources */ = {isa = PBXBuildFile; fileRef = B3496BE027F45851007D7A1D /* NSMethodSignature+CCAdd.m */; };
		B3496BE827F45851007D7A1D /* UITableViewCell+InsetGrouped.m in Sources */ = {isa = PBXBuildFile; fileRef = B3496BE327F45851007D7A1D /* UITableViewCell+InsetGrouped.m */; };
		B3496BE927F45851007D7A1D /* UITableView+InsetGrouped.m in Sources */ = {isa = PBXBuildFile; fileRef = B3496BE427F45851007D7A1D /* UITableView+InsetGrouped.m */; };
		B37BD51F27F4612A009C2244 /* Jenga.framework in Frameworks */ = {isa = PBXBuildFile; fileRef = B37BD51E27F4612A009C2244 /* Jenga.framework */; };
		B37BD52027F4612A009C2244 /* Jenga.framework in Embed Frameworks */ = {isa = PBXBuildFile; fileRef = B37BD51E27F4612A009C2244 /* Jenga.framework */; settings = {ATTRIBUTES = (CodeSignOnCopy, RemoveHeadersOnCopy, ); }; };
/* End PBXBuildFile section */

/* Begin PBXCopyFilesBuildPhase section */
		B37BD52127F4612A009C2244 /* Embed Frameworks */ = {
			isa = PBXCopyFilesBuildPhase;
			buildActionMask = 2147483647;
			dstPath = "";
			dstSubfolderSpec = 10;
			files = (
				B37BD52027F4612A009C2244 /* Jenga.framework in Embed Frameworks */,
			);
			name = "Embed Frameworks";
			runOnlyForDeploymentPostprocessing = 0;
		};
/* End PBXCopyFilesBuildPhase section */

/* Begin PBXFileReference section */
		B3496BBF27F45800007D7A1D /* InsetGrouped.app */ = {isa = PBXFileReference; explicitFileType = wrapper.application; includeInIndex = 0; path = InsetGrouped.app; sourceTree = BUILT_PRODUCTS_DIR; };
		B3496BC227F45800007D7A1D /* AppDelegate.swift */ = {isa = PBXFileReference; lastKnownFileType = sourcecode.swift; path = AppDelegate.swift; sourceTree = "<group>"; };
		B3496BC427F45800007D7A1D /* SceneDelegate.swift */ = {isa = PBXFileReference; lastKnownFileType = sourcecode.swift; path = SceneDelegate.swift; sourceTree = "<group>"; };
		B3496BC627F45800007D7A1D /* ViewController.swift */ = {isa = PBXFileReference; lastKnownFileType = sourcecode.swift; path = ViewController.swift; sourceTree = "<group>"; };
		B3496BC927F45800007D7A1D /* Base */ = {isa = PBXFileReference; lastKnownFileType = file.storyboard; name = Base; path = Base.lproj/Main.storyboard; sourceTree = "<group>"; };
		B3496BCB27F45800007D7A1D /* Assets.xcassets */ = {isa = PBXFileReference; lastKnownFileType = folder.assetcatalog; path = Assets.xcassets; sourceTree = "<group>"; };
		B3496BCE27F45800007D7A1D /* Base */ = {isa = PBXFileReference; lastKnownFileType = file.storyboard; name = Base; path = Base.lproj/LaunchScreen.storyboard; sourceTree = "<group>"; };
		B3496BD027F45800007D7A1D /* Info.plist */ = {isa = PBXFileReference; lastKnownFileType = text.plist.xml; path = Info.plist; sourceTree = "<group>"; };
		B3496BD627F4581C007D7A1D /* Bridging-Header.h */ = {isa = PBXFileReference; fileEncoding = 4; lastKnownFileType = sourcecode.c.h; path = "Bridging-Header.h"; sourceTree = "<group>"; };
		B3496BD827F45851007D7A1D /* UITableViewCell+InsetGrouped.h */ = {isa = PBXFileReference; fileEncoding = 4; lastKnownFileType = sourcecode.c.h; path = "UITableViewCell+InsetGrouped.h"; sourceTree = "<group>"; };
		B3496BDA27F45851007D7A1D /* NSObject+InsetGrouped.h */ = {isa = PBXFileReference; fileEncoding = 4; lastKnownFileType = sourcecode.c.h; path = "NSObject+InsetGrouped.h"; sourceTree = "<group>"; };
		B3496BDB27F45851007D7A1D /* CALayer+CornerRadius.h */ = {isa = PBXFileReference; fileEncoding = 4; lastKnownFileType = sourcecode.c.h; path = "CALayer+CornerRadius.h"; sourceTree = "<group>"; };
		B3496BDC27F45851007D7A1D /* NSObject+InsetGrouped.m */ = {isa = PBXFileReference; fileEncoding = 4; lastKnownFileType = sourcecode.c.objc; path = "NSObject+InsetGrouped.m"; sourceTree = "<group>"; };
		B3496BDD27F45851007D7A1D /* CALayer+CornerRadius.m */ = {isa = PBXFileReference; fileEncoding = 4; lastKnownFileType = sourcecode.c.objc; path = "CALayer+CornerRadius.m"; sourceTree = "<group>"; };
		B3496BDF27F45851007D7A1D /* NSMethodSignature+CCAdd.h */ = {isa = PBXFileReference; fileEncoding = 4; lastKnownFileType = sourcecode.c.h; path = "NSMethodSignature+CCAdd.h"; sourceTree = "<group>"; };
		B3496BE027F45851007D7A1D /* NSMethodSignature+CCAdd.m */ = {isa = PBXFileReference; fileEncoding = 4; lastKnownFileType = sourcecode.c.objc; path = "NSMethodSignature+CCAdd.m"; sourceTree = "<group>"; };
		B3496BE127F45851007D7A1D /* CCRuntime.h */ = {isa = PBXFileReference; fileEncoding = 4; lastKnownFileType = sourcecode.c.h; path = CCRuntime.h; sourceTree = "<group>"; };
		B3496BE227F45851007D7A1D /* UITableView+InsetGrouped.h */ = {isa = PBXFileReference; fileEncoding = 4; lastKnownFileType = sourcecode.c.h; path = "UITableView+InsetGrouped.h"; sourceTree = "<group>"; };
		B3496BE327F45851007D7A1D /* UITableViewCell+InsetGrouped.m */ = {isa = PBXFileReference; fileEncoding = 4; lastKnownFileType = sourcecode.c.objc; path = "UITableViewCell+InsetGrouped.m"; sourceTree = "<group>"; };
		B3496BE427F45851007D7A1D /* UITableView+InsetGrouped.m */ = {isa = PBXFileReference; fileEncoding = 4; lastKnownFileType = sourcecode.c.objc; path = "UITableView+InsetGrouped.m"; sourceTree = "<group>"; };
		B37BD51E27F4612A009C2244 /* Jenga.framework */ = {isa = PBXFileReference; explicitFileType = wrapper.framework; path = Jenga.framework; sourceTree = BUILT_PRODUCTS_DIR; };
/* End PBXFileReference section */

/* Begin PBXFrameworksBuildPhase section */
		B3496BBC27F45800007D7A1D /* Frameworks */ = {
			isa = PBXFrameworksBuildPhase;
			buildActionMask = 2147483647;
			files = (
				B37BD51F27F4612A009C2244 /* Jenga.framework in Frameworks */,
			);
			runOnlyForDeploymentPostprocessing = 0;
		};
/* End PBXFrameworksBuildPhase section */

/* Begin PBXGroup section */
		B3496BB627F45800007D7A1D = {
			isa = PBXGroup;
			children = (
				B3496BC127F45800007D7A1D /* InsetGrouped */,
				B3496BC027F45800007D7A1D /* Products */,
				B3496BEA27F458D9007D7A1D /* Frameworks */,
			);
			sourceTree = "<group>";
		};
		B3496BC027F45800007D7A1D /* Products */ = {
			isa = PBXGroup;
			children = (
				B3496BBF27F45800007D7A1D /* InsetGrouped.app */,
			);
			name = Products;
			sourceTree = "<group>";
		};
		B3496BC127F45800007D7A1D /* InsetGrouped */ = {
			isa = PBXGroup;
			children = (
				B3496BD727F45851007D7A1D /* InsetGrouped */,
				B3496BC227F45800007D7A1D /* AppDelegate.swift */,
				B3496BC427F45800007D7A1D /* SceneDelegate.swift */,
				B3496BC627F45800007D7A1D /* ViewController.swift */,
				B3496BD627F4581C007D7A1D /* Bridging-Header.h */,
				B3496BC827F45800007D7A1D /* Main.storyboard */,
				B3496BCB27F45800007D7A1D /* Assets.xcassets */,
				B3496BCD27F45800007D7A1D /* LaunchScreen.storyboard */,
				B3496BD027F45800007D7A1D /* Info.plist */,
			);
			path = InsetGrouped;
			sourceTree = "<group>";
		};
		B3496BD727F45851007D7A1D /* InsetGrouped */ = {
			isa = PBXGroup;
			children = (
				B3496BD827F45851007D7A1D /* UITableViewCell+InsetGrouped.h */,
				B3496BD927F45851007D7A1D /* Extenison */,
				B3496BDE27F45851007D7A1D /* Runtime */,
				B3496BE227F45851007D7A1D /* UITableView+InsetGrouped.h */,
				B3496BE327F45851007D7A1D /* UITableViewCell+InsetGrouped.m */,
				B3496BE427F45851007D7A1D /* UITableView+InsetGrouped.m */,
			);
			path = InsetGrouped;
			sourceTree = "<group>";
		};
		B3496BD927F45851007D7A1D /* Extenison */ = {
			isa = PBXGroup;
			children = (
				B3496BDA27F45851007D7A1D /* NSObject+InsetGrouped.h */,
				B3496BDB27F45851007D7A1D /* CALayer+CornerRadius.h */,
				B3496BDC27F45851007D7A1D /* NSObject+InsetGrouped.m */,
				B3496BDD27F45851007D7A1D /* CALayer+CornerRadius.m */,
			);
			path = Extenison;
			sourceTree = "<group>";
		};
		B3496BDE27F45851007D7A1D /* Runtime */ = {
			isa = PBXGroup;
			children = (
				B3496BDF27F45851007D7A1D /* NSMethodSignature+CCAdd.h */,
				B3496BE027F45851007D7A1D /* NSMethodSignature+CCAdd.m */,
				B3496BE127F45851007D7A1D /* CCRuntime.h */,
			);
			path = Runtime;
			sourceTree = "<group>";
		};
		B3496BEA27F458D9007D7A1D /* Frameworks */ = {
			isa = PBXGroup;
			children = (
				B37BD51E27F4612A009C2244 /* Jenga.framework */,
			);
			name = Frameworks;
			sourceTree = "<group>";
		};
/* End PBXGroup section */

/* Begin PBXNativeTarget section */
		B3496BBE27F45800007D7A1D /* InsetGrouped */ = {
			isa = PBXNativeTarget;
			buildConfigurationList = B3496BD327F45800007D7A1D /* Build configuration list for PBXNativeTarget "InsetGrouped" */;
			buildPhases = (
				B3496BBB27F45800007D7A1D /* Sources */,
				B3496BBC27F45800007D7A1D /* Frameworks */,
				B3496BBD27F45800007D7A1D /* Resources */,
				B37BD52127F4612A009C2244 /* Embed Frameworks */,
			);
			buildRules = (
			);
			dependencies = (
			);
			name = InsetGrouped;
			packageProductDependencies = (
			);
			productName = InsetGrouped;
			productReference = B3496BBF27F45800007D7A1D /* InsetGrouped.app */;
			productType = "com.apple.product-type.application";
		};
/* End PBXNativeTarget section */

/* Begin PBXProject section */
		B3496BB727F45800007D7A1D /* Project object */ = {
			isa = PBXProject;
			attributes = {
				BuildIndependentTargetsInParallel = 1;
				LastSwiftUpdateCheck = 1330;
				LastUpgradeCheck = 1340;
				TargetAttributes = {
					B3496BBE27F45800007D7A1D = {
						CreatedOnToolsVersion = 13.3;
					};
				};
			};
			buildConfigurationList = B3496BBA27F45800007D7A1D /* Build configuration list for PBXProject "InsetGrouped" */;
			compatibilityVersion = "Xcode 13.0";
			developmentRegion = en;
			hasScannedForEncodings = 0;
			knownRegions = (
				en,
				Base,
			);
			mainGroup = B3496BB627F45800007D7A1D;
			productRefGroup = B3496BC027F45800007D7A1D /* Products */;
			projectDirPath = "";
			projectRoot = "";
			targets = (
				B3496BBE27F45800007D7A1D /* InsetGrouped */,
			);
		};
/* End PBXProject section */

/* Begin PBXResourcesBuildPhase section */
		B3496BBD27F45800007D7A1D /* Resources */ = {
			isa = PBXResourcesBuildPhase;
			buildActionMask = 2147483647;
			files = (
				B3496BCF27F45800007D7A1D /* LaunchScreen.storyboard in Resources */,
				B3496BCC27F45800007D7A1D /* Assets.xcassets in Resources */,
				B3496BCA27F45800007D7A1D /* Main.storyboard in Resources */,
			);
			runOnlyForDeploymentPostprocessing = 0;
		};
/* End PBXResourcesBuildPhase section */

/* Begin PBXSourcesBuildPhase section */
		B3496BBB27F45800007D7A1D /* Sources */ = {
			isa = PBXSourcesBuildPhase;
			buildActionMask = 2147483647;
			files = (
				B3496BC727F45800007D7A1D /* ViewController.swift in Sources */,
				B3496BC327F45800007D7A1D /* AppDelegate.swift in Sources */,
				B3496BE927F45851007D7A1D /* UITableView+InsetGrouped.m in Sources */,
				B3496BE727F45851007D7A1D /* NSMethodSignature+CCAdd.m in Sources */,
				B3496BE527F45851007D7A1D /* NSObject+InsetGrouped.m in Sources */,
				B3496BC527F45800007D7A1D /* SceneDelegate.swift in Sources */,
				B3496BE827F45851007D7A1D /* UITableViewCell+InsetGrouped.m in Sources */,
				B3496BE627F45851007D7A1D /* CALayer+CornerRadius.m in Sources */,
			);
			runOnlyForDeploymentPostprocessing = 0;
		};
/* End PBXSourcesBuildPhase section */

/* Begin PBXVariantGroup section */
		B3496BC827F45800007D7A1D /* Main.storyboard */ = {
			isa = PBXVariantGroup;
			children = (
				B3496BC927F45800007D7A1D /* Base */,
			);
			name = Main.storyboard;
			sourceTree = "<group>";
		};
		B3496BCD27F45800007D7A1D /* LaunchScreen.storyboard */ = {
			isa = PBXVariantGroup;
			children = (
				B3496BCE27F45800007D7A1D /* Base */,
			);
			name = LaunchScreen.storyboard;
			sourceTree = "<group>";
		};
/* End PBXVariantGroup section */

/* Begin XCBuildConfiguration section */
		B3496BD127F45800007D7A1D /* Debug */ = {
			isa = XCBuildConfiguration;
			buildSettings = {
				ALWAYS_SEARCH_USER_PATHS = NO;
				CLANG_ANALYZER_NONNULL = YES;
				CLANG_ANALYZER_NUMBER_OBJECT_CONVERSION = YES_AGGRESSIVE;
				CLANG_CXX_LANGUAGE_STANDARD = "gnu++17";
				CLANG_ENABLE_MODULES = YES;
				CLANG_ENABLE_OBJC_ARC = YES;
				CLANG_ENABLE_OBJC_WEAK = YES;
				CLANG_WARN_BLOCK_CAPTURE_AUTORELEASING = YES;
				CLANG_WARN_BOOL_CONVERSION = YES;
				CLANG_WARN_COMMA = YES;
				CLANG_WARN_CONSTANT_CONVERSION = YES;
				CLANG_WARN_DEPRECATED_OBJC_IMPLEMENTATIONS = YES;
				CLANG_WARN_DIRECT_OBJC_ISA_USAGE = YES_ERROR;
				CLANG_WARN_DOCUMENTATION_COMMENTS = YES;
				CLANG_WARN_EMPTY_BODY = YES;
				CLANG_WARN_ENUM_CONVERSION = YES;
				CLANG_WARN_INFINITE_RECURSION = YES;
				CLANG_WARN_INT_CONVERSION = YES;
				CLANG_WARN_NON_LITERAL_NULL_CONVERSION = YES;
				CLANG_WARN_OBJC_IMPLICIT_RETAIN_SELF = YES;
				CLANG_WARN_OBJC_LITERAL_CONVERSION = YES;
				CLANG_WARN_OBJC_ROOT_CLASS = YES_ERROR;
				CLANG_WARN_QUOTED_INCLUDE_IN_FRAMEWORK_HEADER = YES;
				CLANG_WARN_RANGE_LOOP_ANALYSIS = YES;
				CLANG_WARN_STRICT_PROTOTYPES = YES;
				CLANG_WARN_SUSPICIOUS_MOVE = YES;
				CLANG_WARN_UNGUARDED_AVAILABILITY = YES_AGGRESSIVE;
				CLANG_WARN_UNREACHABLE_CODE = YES;
				CLANG_WARN__DUPLICATE_METHOD_MATCH = YES;
				COPY_PHASE_STRIP = NO;
				DEBUG_INFORMATION_FORMAT = dwarf;
				ENABLE_STRICT_OBJC_MSGSEND = YES;
				ENABLE_TESTABILITY = YES;
				GCC_C_LANGUAGE_STANDARD = gnu11;
				GCC_DYNAMIC_NO_PIC = NO;
				GCC_NO_COMMON_BLOCKS = YES;
				GCC_OPTIMIZATION_LEVEL = 0;
				GCC_PREPROCESSOR_DEFINITIONS = (
					"DEBUG=1",
					"$(inherited)",
				);
				GCC_WARN_64_TO_32_BIT_CONVERSION = YES;
				GCC_WARN_ABOUT_RETURN_TYPE = YES_ERROR;
				GCC_WARN_UNDECLARED_SELECTOR = YES;
				GCC_WARN_UNINITIALIZED_AUTOS = YES_AGGRESSIVE;
				GCC_WARN_UNUSED_FUNCTION = YES;
				GCC_WARN_UNUSED_VARIABLE = YES;
				IPHONEOS_DEPLOYMENT_TARGET = 12.0;
				MTL_ENABLE_DEBUG_INFO = INCLUDE_SOURCE;
				MTL_FAST_MATH = YES;
				ONLY_ACTIVE_ARCH = YES;
				SDKROOT = iphoneos;
				SWIFT_ACTIVE_COMPILATION_CONDITIONS = DEBUG;
				SWIFT_OPTIMIZATION_LEVEL = "-Onone";
			};
			name = Debug;
		};
		B3496BD227F45800007D7A1D /* Release */ = {
			isa = XCBuildConfiguration;
			buildSettings = {
				ALWAYS_SEARCH_USER_PATHS = NO;
				CLANG_ANALYZER_NONNULL = YES;
				CLANG_ANALYZER_NUMBER_OBJECT_CONVERSION = YES_AGGRESSIVE;
				CLANG_CXX_LANGUAGE_STANDARD = "gnu++17";
				CLANG_ENABLE_MODULES = YES;
				CLANG_ENABLE_OBJC_ARC = YES;
				CLANG_ENABLE_OBJC_WEAK = YES;
				CLANG_WARN_BLOCK_CAPTURE_AUTORELEASING = YES;
				CLANG_WARN_BOOL_CONVERSION = YES;
				CLANG_WARN_COMMA = YES;
				CLANG_WARN_CONSTANT_CONVERSION = YES;
				CLANG_WARN_DEPRECATED_OBJC_IMPLEMENTATIONS = YES;
				CLANG_WARN_DIRECT_OBJC_ISA_USAGE = YES_ERROR;
				CLANG_WARN_DOCUMENTATION_COMMENTS = YES;
				CLANG_WARN_EMPTY_BODY = YES;
				CLANG_WARN_ENUM_CONVERSION = YES;
				CLANG_WARN_INFINITE_RECURSION = YES;
				CLANG_WARN_INT_CONVERSION = YES;
				CLANG_WARN_NON_LITERAL_NULL_CONVERSION = YES;
				CLANG_WARN_OBJC_IMPLICIT_RETAIN_SELF = YES;
				CLANG_WARN_OBJC_LITERAL_CONVERSION = YES;
				CLANG_WARN_OBJC_ROOT_CLASS = YES_ERROR;
				CLANG_WARN_QUOTED_INCLUDE_IN_FRAMEWORK_HEADER = YES;
				CLANG_WARN_RANGE_LOOP_ANALYSIS = YES;
				CLANG_WARN_STRICT_PROTOTYPES = YES;
				CLANG_WARN_SUSPICIOUS_MOVE = YES;
				CLANG_WARN_UNGUARDED_AVAILABILITY = YES_AGGRESSIVE;
				CLANG_WARN_UNREACHABLE_CODE = YES;
				CLANG_WARN__DUPLICATE_METHOD_MATCH = YES;
				COPY_PHASE_STRIP = NO;
				DEBUG_INFORMATION_FORMAT = "dwarf-with-dsym";
				ENABLE_NS_ASSERTIONS = NO;
				ENABLE_STRICT_OBJC_MSGSEND = YES;
				GCC_C_LANGUAGE_STANDARD = gnu11;
				GCC_NO_COMMON_BLOCKS = YES;
				GCC_WARN_64_TO_32_BIT_CONVERSION = YES;
				GCC_WARN_ABOUT_RETURN_TYPE = YES_ERROR;
				GCC_WARN_UNDECLARED_SELECTOR = YES;
				GCC_WARN_UNINITIALIZED_AUTOS = YES_AGGRESSIVE;
				GCC_WARN_UNUSED_FUNCTION = YES;
				GCC_WARN_UNUSED_VARIABLE = YES;
				IPHONEOS_DEPLOYMENT_TARGET = 12.0;
				MTL_ENABLE_DEBUG_INFO = NO;
				MTL_FAST_MATH = YES;
				SDKROOT = iphoneos;
				SWIFT_COMPILATION_MODE = wholemodule;
				SWIFT_OPTIMIZATION_LEVEL = "-O";
				VALIDATE_PRODUCT = YES;
			};
			name = Release;
		};
		B3496BD427F45800007D7A1D /* Debug */ = {
			isa = XCBuildConfiguration;
			buildSettings = {
				ASSETCATALOG_COMPILER_APPICON_NAME = AppIcon;
				ASSETCATALOG_COMPILER_GLOBAL_ACCENT_COLOR_NAME = AccentColor;
				CODE_SIGN_STYLE = Automatic;
				CURRENT_PROJECT_VERSION = 1;
				DEVELOPMENT_TEAM = 47ED62RARV;
				GENERATE_INFOPLIST_FILE = YES;
				INFOPLIST_FILE = InsetGrouped/Info.plist;
				INFOPLIST_KEY_UIApplicationSupportsIndirectInputEvents = YES;
				INFOPLIST_KEY_UILaunchStoryboardName = LaunchScreen;
				INFOPLIST_KEY_UIMainStoryboardFile = Main;
				INFOPLIST_KEY_UISupportedInterfaceOrientations_iPad = "UIInterfaceOrientationPortrait UIInterfaceOrientationPortraitUpsideDown UIInterfaceOrientationLandscapeLeft UIInterfaceOrientationLandscapeRight";
				INFOPLIST_KEY_UISupportedInterfaceOrientations_iPhone = "UIInterfaceOrientationPortrait UIInterfaceOrientationLandscapeLeft UIInterfaceOrientationLandscapeRight";
				IPHONEOS_DEPLOYMENT_TARGET = 12.0;
				LD_RUNPATH_SEARCH_PATHS = (
					"$(inherited)",
					"@executable_path/Frameworks",
				);
				MARKETING_VERSION = 1.0;
				PRODUCT_BUNDLE_IDENTIFIER = fun.InsetGrouped;
				PRODUCT_NAME = "$(TARGET_NAME)";
				SWIFT_EMIT_LOC_STRINGS = YES;
				SWIFT_OBJC_BRIDGING_HEADER = "InsetGrouped/Bridging-Header.h";
				SWIFT_VERSION = 5.0;
				TARGETED_DEVICE_FAMILY = "1,2";
			};
			name = Debug;
		};
		B3496BD527F45800007D7A1D /* Release */ = {
			isa = XCBuildConfiguration;
			buildSettings = {
				ASSETCATALOG_COMPILER_APPICON_NAME = AppIcon;
				ASSETCATALOG_COMPILER_GLOBAL_ACCENT_COLOR_NAME = AccentColor;
				CODE_SIGN_STYLE = Automatic;
				CURRENT_PROJECT_VERSION = 1;
				DEVELOPMENT_TEAM = 47ED62RARV;
				GENERATE_INFOPLIST_FILE = YES;
				INFOPLIST_FILE = InsetGrouped/Info.plist;
				INFOPLIST_KEY_UIApplicationSupportsIndirectInputEvents = YES;
				INFOPLIST_KEY_UILaunchStoryboardName = LaunchScreen;
				INFOPLIST_KEY_UIMainStoryboardFile = Main;
				INFOPLIST_KEY_UISupportedInterfaceOrientations_iPad = "UIInterfaceOrientationPortrait UIInterfaceOrientationPortraitUpsideDown UIInterfaceOrientationLandscapeLeft UIInterfaceOrientationLandscapeRight";
				INFOPLIST_KEY_UISupportedInterfaceOrientations_iPhone = "UIInterfaceOrientationPortrait UIInterfaceOrientationLandscapeLeft UIInterfaceOrientationLandscapeRight";
				IPHONEOS_DEPLOYMENT_TARGET = 12.0;
				LD_RUNPATH_SEARCH_PATHS = (
					"$(inherited)",
					"@executable_path/Frameworks",
				);
				MARKETING_VERSION = 1.0;
				PRODUCT_BUNDLE_IDENTIFIER = fun.InsetGrouped;
				PRODUCT_NAME = "$(TARGET_NAME)";
				SWIFT_EMIT_LOC_STRINGS = YES;
				SWIFT_OBJC_BRIDGING_HEADER = "InsetGrouped/Bridging-Header.h";
				SWIFT_VERSION = 5.0;
				TARGETED_DEVICE_FAMILY = "1,2";
			};
			name = Release;
		};
/* End XCBuildConfiguration section */

/* Begin XCConfigurationList section */
		B3496BBA27F45800007D7A1D /* Build configuration list for PBXProject "InsetGrouped" */ = {
			isa = XCConfigurationList;
			buildConfigurations = (
				B3496BD127F45800007D7A1D /* Debug */,
				B3496BD227F45800007D7A1D /* Release */,
			);
			defaultConfigurationIsVisible = 0;
			defaultConfigurationName = Release;
		};
		B3496BD327F45800007D7A1D /* Build configuration list for PBXNativeTarget "InsetGrouped" */ = {
			isa = XCConfigurationList;
			buildConfigurations = (
				B3496BD427F45800007D7A1D /* Debug */,
				B3496BD527F45800007D7A1D /* Release */,
			);
			defaultConfigurationIsVisible = 0;
			defaultConfigurationName = Release;
		};
/* End XCConfigurationList section */
	};
	rootObject = B3496BB727F45800007D7A1D /* Project object */;
}
